
Microsoft Visual Studio Solution File, Format Version 12.00
# Visual Studio 15
VisualStudioVersion = 15.0.26730.8
MinimumVisualStudioVersion = 10.0.40219.1
Project("{9A19103F-16F7-4668-BE54-9A1E7A4F7556}") = "MasjidPro", "Masjid\MasjidPro.csproj", "{FB8F932E-6166-4364-B8E4-CBAEDE4A0AFE}"
EndProject
Project("{FAE04EC0-301F-11D3-BF4B-00C04F79EFBC}") = "DBUpgrader", "DBUpgrader\DBUpgrader.csproj", "{F7399049-4E80-4A28-A8B3-6CD254553B28}"
EndProject
Project("{FAE04EC0-301F-11D3-BF4B-00C04F79EFBC}") = "DBUpgraderCore", "DBUpgraderCore\DBUpgraderCore.csproj", "{21D542CE-5A98-497C-B161-985D81D56708}"
EndProject
Project("{2150E333-8FDC-42A3-9474-1A3956D46DE8}") = "_", "_", "{FA530374-E28B-419B-BCA2-82A0512774F2}"
	ProjectSection(SolutionItems) = preProject
		appveyor.yml = appveyor.yml
		Breaking changes.md = Breaking changes.md
		build.cake = build.cake
		build.ps1 = build.ps1
		DbUp\dbup.nuspec = DbUp\dbup.nuspec
		GitVersionConfig.yaml = GitVersionConfig.yaml
		global.json = global.json
		README.md = README.md
	EndProjectSection
EndProject
Project("{9A19103F-16F7-4668-BE54-9A1E7A4F7556}") = "dbup-core", "DbUp\dbup-core\dbup-core.csproj", "{C98DE7C6-AF51-4901-904D-75FCCB17EE31}"
EndProject
Project("{9A19103F-16F7-4668-BE54-9A1E7A4F7556}") = "dbup-sqlserver", "DbUp\dbup-sqlserver\dbup-sqlserver.csproj", "{8190B40B-AC5B-414F-8A00-9B6A2C12B010}"
EndProject
Global
	GlobalSection(SolutionConfigurationPlatforms) = preSolution
		Debug|Any CPU = Debug|Any CPU
		Release|Any CPU = Release|Any CPU
	EndGlobalSection
	GlobalSection(ProjectConfigurationPlatforms) = postSolution
		{FB8F932E-6166-4364-B8E4-CBAEDE4A0AFE}.Debug|Any CPU.ActiveCfg = Debug|Any CPU
		{FB8F932E-6166-4364-B8E4-CBAEDE4A0AFE}.Debug|Any CPU.Build.0 = Debug|Any CPU
		{FB8F932E-6166-4364-B8E4-CBAEDE4A0AFE}.Release|Any CPU.ActiveCfg = Release|Any CPU
		{FB8F932E-6166-4364-B8E4-CBAEDE4A0AFE}.Release|Any CPU.Build.0 = Release|Any CPU
		{F7399049-4E80-4A28-A8B3-6CD254553B28}.Debug|Any CPU.ActiveCfg = Debug|Any CPU
		{F7399049-4E80-4A28-A8B3-6CD254553B28}.Debug|Any CPU.Build.0 = Debug|Any CPU
		{F7399049-4E80-4A28-A8B3-6CD254553B28}.Release|Any CPU.ActiveCfg = Release|Any CPU
		{F7399049-4E80-4A28-A8B3-6CD254553B28}.Release|Any CPU.Build.0 = Release|Any CPU
		{21D542CE-5A98-497C-B161-985D81D56708}.Debug|Any CPU.ActiveCfg = Debug|Any CPU
		{21D542CE-5A98-497C-B161-985D81D56708}.Debug|Any CPU.Build.0 = Debug|Any CPU
		{21D542CE-5A98-497C-B161-985D81D56708}.Release|Any CPU.ActiveCfg = Release|Any CPU
		{21D542CE-5A98-497C-B161-985D81D56708}.Release|Any CPU.Build.0 = Release|Any CPU
		{C98DE7C6-AF51-4901-904D-75FCCB17EE31}.Debug|Any CPU.ActiveCfg = Debug|Any CPU
		{C98DE7C6-AF51-4901-904D-75FCCB17EE31}.Debug|Any CPU.Build.0 = Debug|Any CPU
		{C98DE7C6-AF51-4901-904D-75FCCB17EE31}.Release|Any CPU.ActiveCfg = Release|Any CPU
		{C98DE7C6-AF51-4901-904D-75FCCB17EE31}.Release|Any CPU.Build.0 = Release|Any CPU
		{8190B40B-AC5B-414F-8A00-9B6A2C12B010}.Debug|Any CPU.ActiveCfg = Debug|Any CPU
		{8190B40B-AC5B-414F-8A00-9B6A2C12B010}.Debug|Any CPU.Build.0 = Debug|Any CPU
		{8190B40B-AC5B-414F-8A00-9B6A2C12B010}.Release|Any CPU.ActiveCfg = Release|Any CPU
		{8190B40B-AC5B-414F-8A00-9B6A2C12B010}.Release|Any CPU.Build.0 = Release|Any CPU
		{9C8519A1-2C06-4551-A9D4-016485EA0034}.Debug|Any CPU.ActiveCfg = Debug|Any CPU
		{9C8519A1-2C06-4551-A9D4-016485EA0034}.Debug|Any CPU.Build.0 = Debug|Any CPU
		{9C8519A1-2C06-4551-A9D4-016485EA0034}.Release|Any CPU.ActiveCfg = Release|Any CPU
		{9C8519A1-2C06-4551-A9D4-016485EA0034}.Release|Any CPU.Build.0 = Release|Any CPU
		{9EA9C28D-0E52-4CB1-9E7B-F21705845486}.Debug|Any CPU.ActiveCfg = Debug|Any CPU
		{9EA9C28D-0E52-4CB1-9E7B-F21705845486}.Debug|Any CPU.Build.0 = Debug|Any CPU
		{9EA9C28D-0E52-4CB1-9E7B-F21705845486}.Release|Any CPU.ActiveCfg = Release|Any CPU
		{9EA9C28D-0E52-4CB1-9E7B-F21705845486}.Release|Any CPU.Build.0 = Release|Any CPU
		{E8AF6499-332F-4468-883B-23E3DFB2D148}.Debug|Any CPU.ActiveCfg = Debug|Any CPU
		{E8AF6499-332F-4468-883B-23E3DFB2D148}.Debug|Any CPU.Build.0 = Debug|Any CPU
		{E8AF6499-332F-4468-883B-23E3DFB2D148}.Release|Any CPU.ActiveCfg = Release|Any CPU
		{E8AF6499-332F-4468-883B-23E3DFB2D148}.Release|Any CPU.Build.0 = Release|Any CPU
		{3D5F0B68-6B3F-4624-8322-289C8E321593}.Debug|Any CPU.ActiveCfg = Debug|Any CPU
		{3D5F0B68-6B3F-4624-8322-289C8E321593}.Debug|Any CPU.Build.0 = Debug|Any CPU
		{3D5F0B68-6B3F-4624-8322-289C8E321593}.Release|Any CPU.ActiveCfg = Release|Any CPU
		{3D5F0B68-6B3F-4624-8322-289C8E321593}.Release|Any CPU.Build.0 = Release|Any CPU
		{BCE32C14-27E3-4E0D-BC1F-EC9CCB128F00}.Debug|Any CPU.ActiveCfg = Debug|Any CPU
		{BCE32C14-27E3-4E0D-BC1F-EC9CCB128F00}.Debug|Any CPU.Build.0 = Debug|Any CPU
		{BCE32C14-27E3-4E0D-BC1F-EC9CCB128F00}.Release|Any CPU.ActiveCfg = Release|Any CPU
		{BCE32C14-27E3-4E0D-BC1F-EC9CCB128F00}.Release|Any CPU.Build.0 = Release|Any CPU
		{854B6565-B423-4E2C-938B-406C6EAC9C0E}.Debug|Any CPU.ActiveCfg = Debug|Any CPU
		{854B6565-B423-4E2C-938B-406C6EAC9C0E}.Debug|Any CPU.Build.0 = Debug|Any CPU
		{854B6565-B423-4E2C-938B-406C6EAC9C0E}.Release|Any CPU.ActiveCfg = Release|Any CPU
		{854B6565-B423-4E2C-938B-406C6EAC9C0E}.Release|Any CPU.Build.0 = Release|Any CPU
		{CD122205-EEC4-4DB9-9EFA-976EADF80323}.Debug|Any CPU.ActiveCfg = Debug|Any CPU
		{CD122205-EEC4-4DB9-9EFA-976EADF80323}.Debug|Any CPU.Build.0 = Debug|Any CPU
		{CD122205-EEC4-4DB9-9EFA-976EADF80323}.Release|Any CPU.ActiveCfg = Release|Any CPU
		{CD122205-EEC4-4DB9-9EFA-976EADF80323}.Release|Any CPU.Build.0 = Release|Any CPU
	EndGlobalSection
	GlobalSection(SolutionProperties) = preSolution
		HideSolutionNode = FALSE
	EndGlobalSection
	GlobalSection(ExtensibilityGlobals) = postSolution
		SolutionGuid = {0767D29A-FFBC-4C72-A74B-3BB780FA8C56}
	EndGlobalSection
	GlobalSection(MonoDevelopProperties) = preSolution
		StartupItem = DbUp\DbUp.csproj
	EndGlobalSection
EndGlobal
